
Microsoft Visual Studio Solution File, Format Version 12.00
# Visual Studio Version 17
VisualStudioVersion = 17.9.34723.18
MinimumVisualStudioVersion = 10.0.40219.1
Project("{FAE04EC0-301F-11D3-BF4B-00C04F79EFBC}") = "Lecture_8", "Lecture_8.csproj", "{861D90D4-1F64-41AC-A5BA-B898BDAA744D}"
EndProject
Global
	GlobalSection(SolutionConfigurationPlatforms) = preSolution
		Debug|Any CPU = Debug|Any CPU
		Release|Any CPU = Release|Any CPU
	EndGlobalSection
	GlobalSection(ProjectConfigurationPlatforms) = postSolution
		{861D90D4-1F64-41AC-A5BA-B898BDAA744D}.Debug|Any CPU.ActiveCfg = Debug|Any CPU
		{861D90D4-1F64-41AC-A5BA-B898BDAA744D}.Debug|Any CPU.Build.0 = Debug|Any CPU
		{861D90D4-1F64-41AC-A5BA-B898BDAA744D}.Release|Any CPU.ActiveCfg = Release|Any CPU
		{861D90D4-1F64-41AC-A5BA-B898BDAA744D}.Release|Any CPU.Build.0 = Release|Any CPU
	EndGlobalSection
	GlobalSection(SolutionProperties) = preSolution
		HideSolutionNode = FALSE
	EndGlobalSection
	GlobalSection(ExtensibilityGlobals) = postSolution
		SolutionGuid = {F5B3329E-F70B-4665-86B2-9641529587CC}
	EndGlobalSection
EndGlobal
